
Microsoft Visual Studio Solution File, Format Version 12.00
# Visual Studio 14
VisualStudioVersion = 14.0.24720.0
MinimumVisualStudioVersion = 10.0.40219.1
Project("{FAE04EC0-301F-11D3-BF4B-00C04F79EFBC}") = "RestFulCRUDTest", "RestFulCRUDTest\RestFulCRUDTest.csproj", "{A34B0B9D-2117-483C-A5C0-F6ABABEA50D9}"
EndProject
Global
	GlobalSection(SolutionConfigurationPlatforms) = preSolution
		Debug|Any CPU = Debug|Any CPU
		Release|Any CPU = Release|Any CPU
	EndGlobalSection
	GlobalSection(ProjectConfigurationPlatforms) = postSolution
		{A34B0B9D-2117-483C-A5C0-F6ABABEA50D9}.Debug|Any CPU.ActiveCfg = Debug|Any CPU
		{A34B0B9D-2117-483C-A5C0-F6ABABEA50D9}.Debug|Any CPU.Build.0 = Debug|Any CPU
		{A34B0B9D-2117-483C-A5C0-F6ABABEA50D9}.Release|Any CPU.ActiveCfg = Release|Any CPU
		{A34B0B9D-2117-483C-A5C0-F6ABABEA50D9}.Release|Any CPU.Build.0 = Release|Any CPU
	EndGlobalSection
	GlobalSection(SolutionProperties) = preSolution
		HideSolutionNode = FALSE
	EndGlobalSection
	GlobalSection(TeamFoundationVersionControl) = preSolution
		SccNumberOfProjects = 2
		SccEnterpriseProvider = {4CA58AB2-18FA-4F8D-95D4-32DDF27D184C}
		SccTeamFoundationServer = https://hlapps.visualstudio.com/defaultcollection
		SccLocalPath0 = .
		SccProjectUniqueName1 = RestFulCRUDTest\\RestFulCRUDTest.csproj
		SccProjectName1 = RestFulCRUDTest
		SccLocalPath1 = RestFulCRUDTest
	EndGlobalSection
EndGlobal
